
Microsoft Visual Studio Solution File, Format Version 12.00
# Visual Studio 15
VisualStudioVersion = 15.0.27703.2047
MinimumVisualStudioVersion = 10.0.40219.1
Project("{FAE04EC0-301F-11D3-BF4B-00C04F79EFBC}") = "NomadsLand", "NomadsLand\NomadsLand.csproj", "{32B4D9EA-E670-4F29-963C-CEE911CDB66F}"
EndProject
Global
	GlobalSection(SolutionConfigurationPlatforms) = preSolution
		Debug|Any CPU = Debug|Any CPU
		Release|Any CPU = Release|Any CPU
	EndGlobalSection
	GlobalSection(ProjectConfigurationPlatforms) = postSolution
		{32B4D9EA-E670-4F29-963C-CEE911CDB66F}.Debug|Any CPU.ActiveCfg = Debug|Any CPU
		{32B4D9EA-E670-4F29-963C-CEE911CDB66F}.Debug|Any CPU.Build.0 = Debug|Any CPU
		{32B4D9EA-E670-4F29-963C-CEE911CDB66F}.Release|Any CPU.ActiveCfg = Release|Any CPU
		{32B4D9EA-E670-4F29-963C-CEE911CDB66F}.Release|Any CPU.Build.0 = Release|Any CPU
	EndGlobalSection
	GlobalSection(SolutionProperties) = preSolution
		HideSolutionNode = FALSE
	EndGlobalSection
	GlobalSection(ExtensibilityGlobals) = postSolution
		SolutionGuid = {09D56474-63C2-4DA0-B692-F3B6BBD09D7D}
	EndGlobalSection
EndGlobal
